
Microsoft Visual Studio Solution File, Format Version 12.00
# Visual Studio Version 17
VisualStudioVersion = 17.4.33213.308
MinimumVisualStudioVersion = 10.0.40219.1
Project("{9A19103F-16F7-4668-BE54-9A1E7A4F7556}") = "RecaptchaValidation", "RecaptchaValidation\RecaptchaValidation.csproj", "{F9117968-1058-4E1F-82BD-78CC0F0A50E2}"
EndProject
Project("{54A90642-561A-4BB1-A94E-469ADEE60C69}") = "recaptchavalidation_react", "RecaptchaValidation_App\recaptchavalidation_react.esproj", "{9496DBC5-93E6-4A71-8579-BD4DCAEFEA60}"
EndProject
Global
	GlobalSection(SolutionConfigurationPlatforms) = preSolution
		Debug|Any CPU = Debug|Any CPU
		Release|Any CPU = Release|Any CPU
	EndGlobalSection
	GlobalSection(ProjectConfigurationPlatforms) = postSolution
		{F9117968-1058-4E1F-82BD-78CC0F0A50E2}.Debug|Any CPU.ActiveCfg = Debug|Any CPU
		{F9117968-1058-4E1F-82BD-78CC0F0A50E2}.Debug|Any CPU.Build.0 = Debug|Any CPU
		{F9117968-1058-4E1F-82BD-78CC0F0A50E2}.Release|Any CPU.ActiveCfg = Release|Any CPU
		{F9117968-1058-4E1F-82BD-78CC0F0A50E2}.Release|Any CPU.Build.0 = Release|Any CPU
		{9496DBC5-93E6-4A71-8579-BD4DCAEFEA60}.Debug|Any CPU.ActiveCfg = Debug|Any CPU
		{9496DBC5-93E6-4A71-8579-BD4DCAEFEA60}.Debug|Any CPU.Build.0 = Debug|Any CPU
		{9496DBC5-93E6-4A71-8579-BD4DCAEFEA60}.Debug|Any CPU.Deploy.0 = Debug|Any CPU
		{9496DBC5-93E6-4A71-8579-BD4DCAEFEA60}.Release|Any CPU.ActiveCfg = Release|Any CPU
		{9496DBC5-93E6-4A71-8579-BD4DCAEFEA60}.Release|Any CPU.Build.0 = Release|Any CPU
		{9496DBC5-93E6-4A71-8579-BD4DCAEFEA60}.Release|Any CPU.Deploy.0 = Release|Any CPU
	EndGlobalSection
	GlobalSection(SolutionProperties) = preSolution
		HideSolutionNode = FALSE
	EndGlobalSection
	GlobalSection(ExtensibilityGlobals) = postSolution
		SolutionGuid = {1CA4D561-455E-43BA-980A-3921F1A19F9E}
	EndGlobalSection
EndGlobal
